
Microsoft Visual Studio Solution File, Format Version 12.00
# Visual Studio Version 17
VisualStudioVersion = 17.0.31903.59
MinimumVisualStudioVersion = 15.0.26124.0
Project("{2150E333-8FDC-42A3-9474-1A3956D46DE8}") = "src", "src", "{C2647F36-C482-486E-856B-129312A899CF}"
	ProjectSection(SolutionItems) = preProject
		src\Directory.Build.props = src\Directory.Build.props
	EndProjectSection
EndProject
Project("{2150E333-8FDC-42A3-9474-1A3956D46DE8}") = "samples", "samples", "{A0BF7787-A244-42DF-8576-442682E469AF}"
	ProjectSection(SolutionItems) = preProject
		samples\Directory.Build.props = samples\Directory.Build.props
	EndProjectSection
EndProject
Project("{9A19103F-16F7-4668-BE54-9A1E7A4F7556}") = "Aeon.Core.Repository", "src\Aeon.Core.Repository\Aeon.Core.Repository.csproj", "{27C8E4E5-7A77-4240-BE49-BD4A4C295AFB}"
EndProject
Project("{9A19103F-16F7-4668-BE54-9A1E7A4F7556}") = "Aeon.Core.Repository.Extensions", "src\Aeon.Core.Repository.Extensions\Aeon.Core.Repository.Extensions.csproj", "{618B379B-3E98-4F5A-B317-D3CF53238E11}"
EndProject
Project("{2150E333-8FDC-42A3-9474-1A3956D46DE8}") = "tests", "tests", "{C9960017-7A74-43ED-8A00-02BA32E3EC41}"
	ProjectSection(SolutionItems) = preProject
		tests\Directory.Build.props = tests\Directory.Build.props
	EndProjectSection
EndProject
Project("{9A19103F-16F7-4668-BE54-9A1E7A4F7556}") = "Test", "tests\Repository.Test.Integration\Test.csproj", "{8474E849-9C23-4E9B-9AD2-84CEE557EF51}"
EndProject
Project("{9A19103F-16F7-4668-BE54-9A1E7A4F7556}") = "Chinook", "tests\Repository.Test.Integration.Chinook\Chinook.csproj", "{709988EF-D4F1-484F-BFA3-56F55BDABB2E}"
EndProject
Project("{2150E333-8FDC-42A3-9474-1A3956D46DE8}") = "Solution Items", "Solution Items", "{42937CA8-0620-4D59-8E77-C895EE0E058E}"
	ProjectSection(SolutionItems) = preProject
		.editorconfig = .editorconfig
		dependencies.props = dependencies.props
	EndProjectSection
EndProject
Project("{2150E333-8FDC-42A3-9474-1A3956D46DE8}") = "Filters", "Filters", "{CD26E831-A5B4-4096-8CC9-79834384596C}"
	ProjectSection(SolutionItems) = preProject
		samples\Filters\TODO.txt = samples\Filters\TODO.txt
	EndProjectSection
EndProject
Project("{2150E333-8FDC-42A3-9474-1A3956D46DE8}") = "Extend", "Extend", "{73347CC7-1E21-47EA-8701-7495690FF486}"
	ProjectSection(SolutionItems) = preProject
		samples\Extend\TODO.txt = samples\Extend\TODO.txt
	EndProjectSection
EndProject
Project("{2150E333-8FDC-42A3-9474-1A3956D46DE8}") = "Basics", "Basics", "{1B551FC7-E2F8-4834-8993-A87CDB40B6F9}"
EndProject
Project("{9A19103F-16F7-4668-BE54-9A1E7A4F7556}") = "Setup", "samples\Basics\Setup\Setup.csproj", "{42DC316D-DCAE-4BA1-A4A8-D0EAC6C385A9}"
EndProject
Project("{9A19103F-16F7-4668-BE54-9A1E7A4F7556}") = "Repository", "samples\Basics\Repository\Repository.csproj", "{5E14BD31-8757-4868-BA95-EBCF3889A9C0}"
EndProject
Project("{9A19103F-16F7-4668-BE54-9A1E7A4F7556}") = "ReadonlyRepository", "samples\Basics\ReadonlyRepository\ReadonlyRepository.csproj", "{BBE804EA-D5F1-4980-9A90-188E44B3760B}"
EndProject
Project("{9A19103F-16F7-4668-BE54-9A1E7A4F7556}") = "RepositoryCrud", "samples\Basics\RepositoryCrud\RepositoryCrud.csproj", "{B7795EE5-8A3A-45FB-A8B8-2551BDB0AEFD}"
EndProject
Project("{2150E333-8FDC-42A3-9474-1A3956D46DE8}") = "UnitOfWork", "UnitOfWork", "{D32752C3-845E-459A-B34F-B4A8CC6A8EF7}"
EndProject
Project("{9A19103F-16F7-4668-BE54-9A1E7A4F7556}") = "CustomSimple", "samples\UnitOfWork\CustomSimple\CustomSimple.csproj", "{F885A99A-3D90-4392-B163-59F310D7975E}"
EndProject
Project("{9A19103F-16F7-4668-BE54-9A1E7A4F7556}") = "CustomLogging", "samples\UnitOfWork\CustomLogging\CustomLogging.csproj", "{B9BDE54B-C226-435C-928A-3C0E6BC7B5AA}"
EndProject
Project("{9A19103F-16F7-4668-BE54-9A1E7A4F7556}") = "Default", "samples\UnitOfWork\Default\Default.csproj", "{16D40EA0-F01F-470B-B8CC-620B50009378}"
EndProject
Project("{9A19103F-16F7-4668-BE54-9A1E7A4F7556}") = "SoftDelete", "samples\Extend\SoftDelete\SoftDelete.csproj", "{B99A8DA8-AEE5-4C5A-9518-9381BB0DB1BC}"
EndProject
Global
	GlobalSection(SolutionConfigurationPlatforms) = preSolution
		Debug|Any CPU = Debug|Any CPU
		Debug|x64 = Debug|x64
		Debug|x86 = Debug|x86
		Release|Any CPU = Release|Any CPU
		Release|x64 = Release|x64
		Release|x86 = Release|x86
	EndGlobalSection
	GlobalSection(ProjectConfigurationPlatforms) = postSolution
		{27C8E4E5-7A77-4240-BE49-BD4A4C295AFB}.Debug|Any CPU.ActiveCfg = Debug|Any CPU
		{27C8E4E5-7A77-4240-BE49-BD4A4C295AFB}.Debug|Any CPU.Build.0 = Debug|Any CPU
		{27C8E4E5-7A77-4240-BE49-BD4A4C295AFB}.Debug|x64.ActiveCfg = Debug|Any CPU
		{27C8E4E5-7A77-4240-BE49-BD4A4C295AFB}.Debug|x64.Build.0 = Debug|Any CPU
		{27C8E4E5-7A77-4240-BE49-BD4A4C295AFB}.Debug|x86.ActiveCfg = Debug|Any CPU
		{27C8E4E5-7A77-4240-BE49-BD4A4C295AFB}.Debug|x86.Build.0 = Debug|Any CPU
		{27C8E4E5-7A77-4240-BE49-BD4A4C295AFB}.Release|Any CPU.ActiveCfg = Release|Any CPU
		{27C8E4E5-7A77-4240-BE49-BD4A4C295AFB}.Release|Any CPU.Build.0 = Release|Any CPU
		{27C8E4E5-7A77-4240-BE49-BD4A4C295AFB}.Release|x64.ActiveCfg = Release|Any CPU
		{27C8E4E5-7A77-4240-BE49-BD4A4C295AFB}.Release|x64.Build.0 = Release|Any CPU
		{27C8E4E5-7A77-4240-BE49-BD4A4C295AFB}.Release|x86.ActiveCfg = Release|Any CPU
		{27C8E4E5-7A77-4240-BE49-BD4A4C295AFB}.Release|x86.Build.0 = Release|Any CPU
		{618B379B-3E98-4F5A-B317-D3CF53238E11}.Debug|Any CPU.ActiveCfg = Debug|Any CPU
		{618B379B-3E98-4F5A-B317-D3CF53238E11}.Debug|Any CPU.Build.0 = Debug|Any CPU
		{618B379B-3E98-4F5A-B317-D3CF53238E11}.Debug|x64.ActiveCfg = Debug|Any CPU
		{618B379B-3E98-4F5A-B317-D3CF53238E11}.Debug|x64.Build.0 = Debug|Any CPU
		{618B379B-3E98-4F5A-B317-D3CF53238E11}.Debug|x86.ActiveCfg = Debug|Any CPU
		{618B379B-3E98-4F5A-B317-D3CF53238E11}.Debug|x86.Build.0 = Debug|Any CPU
		{618B379B-3E98-4F5A-B317-D3CF53238E11}.Release|Any CPU.ActiveCfg = Release|Any CPU
		{618B379B-3E98-4F5A-B317-D3CF53238E11}.Release|Any CPU.Build.0 = Release|Any CPU
		{618B379B-3E98-4F5A-B317-D3CF53238E11}.Release|x64.ActiveCfg = Release|Any CPU
		{618B379B-3E98-4F5A-B317-D3CF53238E11}.Release|x64.Build.0 = Release|Any CPU
		{618B379B-3E98-4F5A-B317-D3CF53238E11}.Release|x86.ActiveCfg = Release|Any CPU
		{618B379B-3E98-4F5A-B317-D3CF53238E11}.Release|x86.Build.0 = Release|Any CPU
		{8474E849-9C23-4E9B-9AD2-84CEE557EF51}.Debug|Any CPU.ActiveCfg = Debug|Any CPU
		{8474E849-9C23-4E9B-9AD2-84CEE557EF51}.Debug|Any CPU.Build.0 = Debug|Any CPU
		{8474E849-9C23-4E9B-9AD2-84CEE557EF51}.Debug|x64.ActiveCfg = Debug|Any CPU
		{8474E849-9C23-4E9B-9AD2-84CEE557EF51}.Debug|x64.Build.0 = Debug|Any CPU
		{8474E849-9C23-4E9B-9AD2-84CEE557EF51}.Debug|x86.ActiveCfg = Debug|Any CPU
		{8474E849-9C23-4E9B-9AD2-84CEE557EF51}.Debug|x86.Build.0 = Debug|Any CPU
		{8474E849-9C23-4E9B-9AD2-84CEE557EF51}.Release|Any CPU.ActiveCfg = Release|Any CPU
		{8474E849-9C23-4E9B-9AD2-84CEE557EF51}.Release|Any CPU.Build.0 = Release|Any CPU
		{8474E849-9C23-4E9B-9AD2-84CEE557EF51}.Release|x64.ActiveCfg = Release|Any CPU
		{8474E849-9C23-4E9B-9AD2-84CEE557EF51}.Release|x64.Build.0 = Release|Any CPU
		{8474E849-9C23-4E9B-9AD2-84CEE557EF51}.Release|x86.ActiveCfg = Release|Any CPU
		{8474E849-9C23-4E9B-9AD2-84CEE557EF51}.Release|x86.Build.0 = Release|Any CPU
		{709988EF-D4F1-484F-BFA3-56F55BDABB2E}.Debug|Any CPU.ActiveCfg = Debug|Any CPU
		{709988EF-D4F1-484F-BFA3-56F55BDABB2E}.Debug|Any CPU.Build.0 = Debug|Any CPU
		{709988EF-D4F1-484F-BFA3-56F55BDABB2E}.Debug|x64.ActiveCfg = Debug|Any CPU
		{709988EF-D4F1-484F-BFA3-56F55BDABB2E}.Debug|x64.Build.0 = Debug|Any CPU
		{709988EF-D4F1-484F-BFA3-56F55BDABB2E}.Debug|x86.ActiveCfg = Debug|Any CPU
		{709988EF-D4F1-484F-BFA3-56F55BDABB2E}.Debug|x86.Build.0 = Debug|Any CPU
		{709988EF-D4F1-484F-BFA3-56F55BDABB2E}.Release|Any CPU.ActiveCfg = Release|Any CPU
		{709988EF-D4F1-484F-BFA3-56F55BDABB2E}.Release|Any CPU.Build.0 = Release|Any CPU
		{709988EF-D4F1-484F-BFA3-56F55BDABB2E}.Release|x64.ActiveCfg = Release|Any CPU
		{709988EF-D4F1-484F-BFA3-56F55BDABB2E}.Release|x64.Build.0 = Release|Any CPU
		{709988EF-D4F1-484F-BFA3-56F55BDABB2E}.Release|x86.ActiveCfg = Release|Any CPU
		{709988EF-D4F1-484F-BFA3-56F55BDABB2E}.Release|x86.Build.0 = Release|Any CPU
		{42DC316D-DCAE-4BA1-A4A8-D0EAC6C385A9}.Debug|Any CPU.ActiveCfg = Debug|Any CPU
		{42DC316D-DCAE-4BA1-A4A8-D0EAC6C385A9}.Debug|Any CPU.Build.0 = Debug|Any CPU
		{42DC316D-DCAE-4BA1-A4A8-D0EAC6C385A9}.Debug|x64.ActiveCfg = Debug|Any CPU
		{42DC316D-DCAE-4BA1-A4A8-D0EAC6C385A9}.Debug|x64.Build.0 = Debug|Any CPU
		{42DC316D-DCAE-4BA1-A4A8-D0EAC6C385A9}.Debug|x86.ActiveCfg = Debug|Any CPU
		{42DC316D-DCAE-4BA1-A4A8-D0EAC6C385A9}.Debug|x86.Build.0 = Debug|Any CPU
		{42DC316D-DCAE-4BA1-A4A8-D0EAC6C385A9}.Release|Any CPU.ActiveCfg = Release|Any CPU
		{42DC316D-DCAE-4BA1-A4A8-D0EAC6C385A9}.Release|Any CPU.Build.0 = Release|Any CPU
		{42DC316D-DCAE-4BA1-A4A8-D0EAC6C385A9}.Release|x64.ActiveCfg = Release|Any CPU
		{42DC316D-DCAE-4BA1-A4A8-D0EAC6C385A9}.Release|x64.Build.0 = Release|Any CPU
		{42DC316D-DCAE-4BA1-A4A8-D0EAC6C385A9}.Release|x86.ActiveCfg = Release|Any CPU
		{42DC316D-DCAE-4BA1-A4A8-D0EAC6C385A9}.Release|x86.Build.0 = Release|Any CPU
		{5E14BD31-8757-4868-BA95-EBCF3889A9C0}.Debug|Any CPU.ActiveCfg = Debug|Any CPU
		{5E14BD31-8757-4868-BA95-EBCF3889A9C0}.Debug|Any CPU.Build.0 = Debug|Any CPU
		{5E14BD31-8757-4868-BA95-EBCF3889A9C0}.Debug|x64.ActiveCfg = Debug|Any CPU
		{5E14BD31-8757-4868-BA95-EBCF3889A9C0}.Debug|x64.Build.0 = Debug|Any CPU
		{5E14BD31-8757-4868-BA95-EBCF3889A9C0}.Debug|x86.ActiveCfg = Debug|Any CPU
		{5E14BD31-8757-4868-BA95-EBCF3889A9C0}.Debug|x86.Build.0 = Debug|Any CPU
		{5E14BD31-8757-4868-BA95-EBCF3889A9C0}.Release|Any CPU.ActiveCfg = Release|Any CPU
		{5E14BD31-8757-4868-BA95-EBCF3889A9C0}.Release|Any CPU.Build.0 = Release|Any CPU
		{5E14BD31-8757-4868-BA95-EBCF3889A9C0}.Release|x64.ActiveCfg = Release|Any CPU
		{5E14BD31-8757-4868-BA95-EBCF3889A9C0}.Release|x64.Build.0 = Release|Any CPU
		{5E14BD31-8757-4868-BA95-EBCF3889A9C0}.Release|x86.ActiveCfg = Release|Any CPU
		{5E14BD31-8757-4868-BA95-EBCF3889A9C0}.Release|x86.Build.0 = Release|Any CPU
		{BBE804EA-D5F1-4980-9A90-188E44B3760B}.Debug|Any CPU.ActiveCfg = Debug|Any CPU
		{BBE804EA-D5F1-4980-9A90-188E44B3760B}.Debug|Any CPU.Build.0 = Debug|Any CPU
		{BBE804EA-D5F1-4980-9A90-188E44B3760B}.Debug|x64.ActiveCfg = Debug|Any CPU
		{BBE804EA-D5F1-4980-9A90-188E44B3760B}.Debug|x64.Build.0 = Debug|Any CPU
		{BBE804EA-D5F1-4980-9A90-188E44B3760B}.Debug|x86.ActiveCfg = Debug|Any CPU
		{BBE804EA-D5F1-4980-9A90-188E44B3760B}.Debug|x86.Build.0 = Debug|Any CPU
		{BBE804EA-D5F1-4980-9A90-188E44B3760B}.Release|Any CPU.ActiveCfg = Release|Any CPU
		{BBE804EA-D5F1-4980-9A90-188E44B3760B}.Release|Any CPU.Build.0 = Release|Any CPU
		{BBE804EA-D5F1-4980-9A90-188E44B3760B}.Release|x64.ActiveCfg = Release|Any CPU
		{BBE804EA-D5F1-4980-9A90-188E44B3760B}.Release|x64.Build.0 = Release|Any CPU
		{BBE804EA-D5F1-4980-9A90-188E44B3760B}.Release|x86.ActiveCfg = Release|Any CPU
		{BBE804EA-D5F1-4980-9A90-188E44B3760B}.Release|x86.Build.0 = Release|Any CPU
		{B7795EE5-8A3A-45FB-A8B8-2551BDB0AEFD}.Debug|Any CPU.ActiveCfg = Debug|Any CPU
		{B7795EE5-8A3A-45FB-A8B8-2551BDB0AEFD}.Debug|Any CPU.Build.0 = Debug|Any CPU
		{B7795EE5-8A3A-45FB-A8B8-2551BDB0AEFD}.Debug|x64.ActiveCfg = Debug|Any CPU
		{B7795EE5-8A3A-45FB-A8B8-2551BDB0AEFD}.Debug|x64.Build.0 = Debug|Any CPU
		{B7795EE5-8A3A-45FB-A8B8-2551BDB0AEFD}.Debug|x86.ActiveCfg = Debug|Any CPU
		{B7795EE5-8A3A-45FB-A8B8-2551BDB0AEFD}.Debug|x86.Build.0 = Debug|Any CPU
		{B7795EE5-8A3A-45FB-A8B8-2551BDB0AEFD}.Release|Any CPU.ActiveCfg = Release|Any CPU
		{B7795EE5-8A3A-45FB-A8B8-2551BDB0AEFD}.Release|Any CPU.Build.0 = Release|Any CPU
		{B7795EE5-8A3A-45FB-A8B8-2551BDB0AEFD}.Release|x64.ActiveCfg = Release|Any CPU
		{B7795EE5-8A3A-45FB-A8B8-2551BDB0AEFD}.Release|x64.Build.0 = Release|Any CPU
		{B7795EE5-8A3A-45FB-A8B8-2551BDB0AEFD}.Release|x86.ActiveCfg = Release|Any CPU
		{B7795EE5-8A3A-45FB-A8B8-2551BDB0AEFD}.Release|x86.Build.0 = Release|Any CPU
		{F885A99A-3D90-4392-B163-59F310D7975E}.Debug|Any CPU.ActiveCfg = Debug|Any CPU
		{F885A99A-3D90-4392-B163-59F310D7975E}.Debug|Any CPU.Build.0 = Debug|Any CPU
		{F885A99A-3D90-4392-B163-59F310D7975E}.Debug|x64.ActiveCfg = Debug|Any CPU
		{F885A99A-3D90-4392-B163-59F310D7975E}.Debug|x64.Build.0 = Debug|Any CPU
		{F885A99A-3D90-4392-B163-59F310D7975E}.Debug|x86.ActiveCfg = Debug|Any CPU
		{F885A99A-3D90-4392-B163-59F310D7975E}.Debug|x86.Build.0 = Debug|Any CPU
		{F885A99A-3D90-4392-B163-59F310D7975E}.Release|Any CPU.ActiveCfg = Release|Any CPU
		{F885A99A-3D90-4392-B163-59F310D7975E}.Release|Any CPU.Build.0 = Release|Any CPU
		{F885A99A-3D90-4392-B163-59F310D7975E}.Release|x64.ActiveCfg = Release|Any CPU
		{F885A99A-3D90-4392-B163-59F310D7975E}.Release|x64.Build.0 = Release|Any CPU
		{F885A99A-3D90-4392-B163-59F310D7975E}.Release|x86.ActiveCfg = Release|Any CPU
		{F885A99A-3D90-4392-B163-59F310D7975E}.Release|x86.Build.0 = Release|Any CPU
		{B9BDE54B-C226-435C-928A-3C0E6BC7B5AA}.Debug|Any CPU.ActiveCfg = Debug|Any CPU
		{B9BDE54B-C226-435C-928A-3C0E6BC7B5AA}.Debug|Any CPU.Build.0 = Debug|Any CPU
		{B9BDE54B-C226-435C-928A-3C0E6BC7B5AA}.Debug|x64.ActiveCfg = Debug|Any CPU
		{B9BDE54B-C226-435C-928A-3C0E6BC7B5AA}.Debug|x64.Build.0 = Debug|Any CPU
		{B9BDE54B-C226-435C-928A-3C0E6BC7B5AA}.Debug|x86.ActiveCfg = Debug|Any CPU
		{B9BDE54B-C226-435C-928A-3C0E6BC7B5AA}.Debug|x86.Build.0 = Debug|Any CPU
		{B9BDE54B-C226-435C-928A-3C0E6BC7B5AA}.Release|Any CPU.ActiveCfg = Release|Any CPU
		{B9BDE54B-C226-435C-928A-3C0E6BC7B5AA}.Release|Any CPU.Build.0 = Release|Any CPU
		{B9BDE54B-C226-435C-928A-3C0E6BC7B5AA}.Release|x64.ActiveCfg = Release|Any CPU
		{B9BDE54B-C226-435C-928A-3C0E6BC7B5AA}.Release|x64.Build.0 = Release|Any CPU
		{B9BDE54B-C226-435C-928A-3C0E6BC7B5AA}.Release|x86.ActiveCfg = Release|Any CPU
		{B9BDE54B-C226-435C-928A-3C0E6BC7B5AA}.Release|x86.Build.0 = Release|Any CPU
		{16D40EA0-F01F-470B-B8CC-620B50009378}.Debug|Any CPU.ActiveCfg = Debug|Any CPU
		{16D40EA0-F01F-470B-B8CC-620B50009378}.Debug|Any CPU.Build.0 = Debug|Any CPU
		{16D40EA0-F01F-470B-B8CC-620B50009378}.Debug|x64.ActiveCfg = Debug|Any CPU
		{16D40EA0-F01F-470B-B8CC-620B50009378}.Debug|x64.Build.0 = Debug|Any CPU
		{16D40EA0-F01F-470B-B8CC-620B50009378}.Debug|x86.ActiveCfg = Debug|Any CPU
		{16D40EA0-F01F-470B-B8CC-620B50009378}.Debug|x86.Build.0 = Debug|Any CPU
		{16D40EA0-F01F-470B-B8CC-620B50009378}.Release|Any CPU.ActiveCfg = Release|Any CPU
		{16D40EA0-F01F-470B-B8CC-620B50009378}.Release|Any CPU.Build.0 = Release|Any CPU
		{16D40EA0-F01F-470B-B8CC-620B50009378}.Release|x64.ActiveCfg = Release|Any CPU
		{16D40EA0-F01F-470B-B8CC-620B50009378}.Release|x64.Build.0 = Release|Any CPU
		{16D40EA0-F01F-470B-B8CC-620B50009378}.Release|x86.ActiveCfg = Release|Any CPU
		{16D40EA0-F01F-470B-B8CC-620B50009378}.Release|x86.Build.0 = Release|Any CPU
		{B99A8DA8-AEE5-4C5A-9518-9381BB0DB1BC}.Debug|Any CPU.ActiveCfg = Debug|Any CPU
		{B99A8DA8-AEE5-4C5A-9518-9381BB0DB1BC}.Debug|Any CPU.Build.0 = Debug|Any CPU
		{B99A8DA8-AEE5-4C5A-9518-9381BB0DB1BC}.Debug|x64.ActiveCfg = Debug|Any CPU
		{B99A8DA8-AEE5-4C5A-9518-9381BB0DB1BC}.Debug|x64.Build.0 = Debug|Any CPU
		{B99A8DA8-AEE5-4C5A-9518-9381BB0DB1BC}.Debug|x86.ActiveCfg = Debug|Any CPU
		{B99A8DA8-AEE5-4C5A-9518-9381BB0DB1BC}.Debug|x86.Build.0 = Debug|Any CPU
		{B99A8DA8-AEE5-4C5A-9518-9381BB0DB1BC}.Release|Any CPU.ActiveCfg = Release|Any CPU
		{B99A8DA8-AEE5-4C5A-9518-9381BB0DB1BC}.Release|Any CPU.Build.0 = Release|Any CPU
		{B99A8DA8-AEE5-4C5A-9518-9381BB0DB1BC}.Release|x64.ActiveCfg = Release|Any CPU
		{B99A8DA8-AEE5-4C5A-9518-9381BB0DB1BC}.Release|x64.Build.0 = Release|Any CPU
		{B99A8DA8-AEE5-4C5A-9518-9381BB0DB1BC}.Release|x86.ActiveCfg = Release|Any CPU
		{B99A8DA8-AEE5-4C5A-9518-9381BB0DB1BC}.Release|x86.Build.0 = Release|Any CPU
	EndGlobalSection
	GlobalSection(SolutionProperties) = preSolution
		HideSolutionNode = FALSE
	EndGlobalSection
	GlobalSection(NestedProjects) = preSolution
		{27C8E4E5-7A77-4240-BE49-BD4A4C295AFB} = {C2647F36-C482-486E-856B-129312A899CF}
		{618B379B-3E98-4F5A-B317-D3CF53238E11} = {C2647F36-C482-486E-856B-129312A899CF}
		{8474E849-9C23-4E9B-9AD2-84CEE557EF51} = {C9960017-7A74-43ED-8A00-02BA32E3EC41}
		{709988EF-D4F1-484F-BFA3-56F55BDABB2E} = {C9960017-7A74-43ED-8A00-02BA32E3EC41}
		{CD26E831-A5B4-4096-8CC9-79834384596C} = {A0BF7787-A244-42DF-8576-442682E469AF}
		{73347CC7-1E21-47EA-8701-7495690FF486} = {A0BF7787-A244-42DF-8576-442682E469AF}
		{1B551FC7-E2F8-4834-8993-A87CDB40B6F9} = {A0BF7787-A244-42DF-8576-442682E469AF}
		{42DC316D-DCAE-4BA1-A4A8-D0EAC6C385A9} = {1B551FC7-E2F8-4834-8993-A87CDB40B6F9}
		{5E14BD31-8757-4868-BA95-EBCF3889A9C0} = {1B551FC7-E2F8-4834-8993-A87CDB40B6F9}
		{BBE804EA-D5F1-4980-9A90-188E44B3760B} = {1B551FC7-E2F8-4834-8993-A87CDB40B6F9}
		{B7795EE5-8A3A-45FB-A8B8-2551BDB0AEFD} = {1B551FC7-E2F8-4834-8993-A87CDB40B6F9}
		{D32752C3-845E-459A-B34F-B4A8CC6A8EF7} = {A0BF7787-A244-42DF-8576-442682E469AF}
		{F885A99A-3D90-4392-B163-59F310D7975E} = {D32752C3-845E-459A-B34F-B4A8CC6A8EF7}
		{B9BDE54B-C226-435C-928A-3C0E6BC7B5AA} = {D32752C3-845E-459A-B34F-B4A8CC6A8EF7}
		{16D40EA0-F01F-470B-B8CC-620B50009378} = {D32752C3-845E-459A-B34F-B4A8CC6A8EF7}
		{B99A8DA8-AEE5-4C5A-9518-9381BB0DB1BC} = {73347CC7-1E21-47EA-8701-7495690FF486}
	EndGlobalSection
	GlobalSection(ExtensibilityGlobals) = postSolution
		SolutionGuid = {C4117BCE-443A-4A8D-8E9F-114CFEF15B6B}
	EndGlobalSection
EndGlobal
