
Microsoft Visual Studio Solution File, Format Version 12.00
# Visual Studio 15
VisualStudioVersion = 15.0.26124.0
MinimumVisualStudioVersion = 15.0.26124.0
Project("{2150E333-8FDC-42A3-9474-1A3956D46DE8}") = "src", "src", "{C2647F36-C482-486E-856B-129312A899CF}"
EndProject
Project("{FAE04EC0-301F-11D3-BF4B-00C04F79EFBC}") = "Aeon.Core.Repository", "src\Aeon.Core.Repository\Aeon.Core.Repository.csproj", "{27C8E4E5-7A77-4240-BE49-BD4A4C295AFB}"
EndProject
Project("{2150E333-8FDC-42A3-9474-1A3956D46DE8}") = "tests", "tests", "{C9960017-7A74-43ED-8A00-02BA32E3EC41}"
EndProject
Project("{FAE04EC0-301F-11D3-BF4B-00C04F79EFBC}") = "Test", "tests\Repository.Test.Integration\Test.csproj", "{8474E849-9C23-4E9B-9AD2-84CEE557EF51}"
EndProject
Project("{FAE04EC0-301F-11D3-BF4B-00C04F79EFBC}") = "Chinook", "tests\Repository.Test.Integration.Chinook\Chinook.csproj", "{709988EF-D4F1-484F-BFA3-56F55BDABB2E}"
EndProject
Global
	GlobalSection(SolutionConfigurationPlatforms) = preSolution
		Debug|Any CPU = Debug|Any CPU
		Debug|x64 = Debug|x64
		Debug|x86 = Debug|x86
		Release|Any CPU = Release|Any CPU
		Release|x64 = Release|x64
		Release|x86 = Release|x86
	EndGlobalSection
	GlobalSection(SolutionProperties) = preSolution
		HideSolutionNode = FALSE
	EndGlobalSection
	GlobalSection(ProjectConfigurationPlatforms) = postSolution
		{27C8E4E5-7A77-4240-BE49-BD4A4C295AFB}.Debug|Any CPU.ActiveCfg = Debug|Any CPU
		{27C8E4E5-7A77-4240-BE49-BD4A4C295AFB}.Debug|Any CPU.Build.0 = Debug|Any CPU
		{27C8E4E5-7A77-4240-BE49-BD4A4C295AFB}.Debug|x64.ActiveCfg = Debug|Any CPU
		{27C8E4E5-7A77-4240-BE49-BD4A4C295AFB}.Debug|x64.Build.0 = Debug|Any CPU
		{27C8E4E5-7A77-4240-BE49-BD4A4C295AFB}.Debug|x86.ActiveCfg = Debug|Any CPU
		{27C8E4E5-7A77-4240-BE49-BD4A4C295AFB}.Debug|x86.Build.0 = Debug|Any CPU
		{27C8E4E5-7A77-4240-BE49-BD4A4C295AFB}.Release|Any CPU.ActiveCfg = Release|Any CPU
		{27C8E4E5-7A77-4240-BE49-BD4A4C295AFB}.Release|Any CPU.Build.0 = Release|Any CPU
		{27C8E4E5-7A77-4240-BE49-BD4A4C295AFB}.Release|x64.ActiveCfg = Release|Any CPU
		{27C8E4E5-7A77-4240-BE49-BD4A4C295AFB}.Release|x64.Build.0 = Release|Any CPU
		{27C8E4E5-7A77-4240-BE49-BD4A4C295AFB}.Release|x86.ActiveCfg = Release|Any CPU
		{27C8E4E5-7A77-4240-BE49-BD4A4C295AFB}.Release|x86.Build.0 = Release|Any CPU
		{8474E849-9C23-4E9B-9AD2-84CEE557EF51}.Debug|Any CPU.ActiveCfg = Debug|Any CPU
		{8474E849-9C23-4E9B-9AD2-84CEE557EF51}.Debug|Any CPU.Build.0 = Debug|Any CPU
		{8474E849-9C23-4E9B-9AD2-84CEE557EF51}.Debug|x64.ActiveCfg = Debug|Any CPU
		{8474E849-9C23-4E9B-9AD2-84CEE557EF51}.Debug|x64.Build.0 = Debug|Any CPU
		{8474E849-9C23-4E9B-9AD2-84CEE557EF51}.Debug|x86.ActiveCfg = Debug|Any CPU
		{8474E849-9C23-4E9B-9AD2-84CEE557EF51}.Debug|x86.Build.0 = Debug|Any CPU
		{8474E849-9C23-4E9B-9AD2-84CEE557EF51}.Release|Any CPU.ActiveCfg = Release|Any CPU
		{8474E849-9C23-4E9B-9AD2-84CEE557EF51}.Release|Any CPU.Build.0 = Release|Any CPU
		{8474E849-9C23-4E9B-9AD2-84CEE557EF51}.Release|x64.ActiveCfg = Release|Any CPU
		{8474E849-9C23-4E9B-9AD2-84CEE557EF51}.Release|x64.Build.0 = Release|Any CPU
		{8474E849-9C23-4E9B-9AD2-84CEE557EF51}.Release|x86.ActiveCfg = Release|Any CPU
		{8474E849-9C23-4E9B-9AD2-84CEE557EF51}.Release|x86.Build.0 = Release|Any CPU
		{709988EF-D4F1-484F-BFA3-56F55BDABB2E}.Debug|Any CPU.ActiveCfg = Debug|Any CPU
		{709988EF-D4F1-484F-BFA3-56F55BDABB2E}.Debug|Any CPU.Build.0 = Debug|Any CPU
		{709988EF-D4F1-484F-BFA3-56F55BDABB2E}.Debug|x64.ActiveCfg = Debug|Any CPU
		{709988EF-D4F1-484F-BFA3-56F55BDABB2E}.Debug|x64.Build.0 = Debug|Any CPU
		{709988EF-D4F1-484F-BFA3-56F55BDABB2E}.Debug|x86.ActiveCfg = Debug|Any CPU
		{709988EF-D4F1-484F-BFA3-56F55BDABB2E}.Debug|x86.Build.0 = Debug|Any CPU
		{709988EF-D4F1-484F-BFA3-56F55BDABB2E}.Release|Any CPU.ActiveCfg = Release|Any CPU
		{709988EF-D4F1-484F-BFA3-56F55BDABB2E}.Release|Any CPU.Build.0 = Release|Any CPU
		{709988EF-D4F1-484F-BFA3-56F55BDABB2E}.Release|x64.ActiveCfg = Release|Any CPU
		{709988EF-D4F1-484F-BFA3-56F55BDABB2E}.Release|x64.Build.0 = Release|Any CPU
		{709988EF-D4F1-484F-BFA3-56F55BDABB2E}.Release|x86.ActiveCfg = Release|Any CPU
		{709988EF-D4F1-484F-BFA3-56F55BDABB2E}.Release|x86.Build.0 = Release|Any CPU
	EndGlobalSection
	GlobalSection(NestedProjects) = preSolution
		{27C8E4E5-7A77-4240-BE49-BD4A4C295AFB} = {C2647F36-C482-486E-856B-129312A899CF}
		{8474E849-9C23-4E9B-9AD2-84CEE557EF51} = {C9960017-7A74-43ED-8A00-02BA32E3EC41}
		{709988EF-D4F1-484F-BFA3-56F55BDABB2E} = {C9960017-7A74-43ED-8A00-02BA32E3EC41}
	EndGlobalSection
EndGlobal
