
Microsoft Visual Studio Solution File, Format Version 12.00
# Visual Studio Version 16
VisualStudioVersion = 16.0.29806.167
MinimumVisualStudioVersion = 15.0.26124.0
Project("{2150E333-8FDC-42A3-9474-1A3956D46DE8}") = "src", "src", "{C2647F36-C482-486E-856B-129312A899CF}"
EndProject
Project("{2150E333-8FDC-42A3-9474-1A3956D46DE8}") = "samples", "samples", "{A0BF7787-A244-42DF-8576-442682E469AF}"
EndProject
Project("{9A19103F-16F7-4668-BE54-9A1E7A4F7556}") = "Aeon.Core.Repository", "src\Aeon.Core.Repository\Aeon.Core.Repository.csproj", "{27C8E4E5-7A77-4240-BE49-BD4A4C295AFB}"
EndProject
Project("{9A19103F-16F7-4668-BE54-9A1E7A4F7556}") = "Aeon.Core.Repository.Extensions", "src\Aeon.Core.Repository.Extensions\Aeon.Core.Repository.Extensions.csproj", "{618B379B-3E98-4F5A-B317-D3CF53238E11}"
EndProject
Project("{2150E333-8FDC-42A3-9474-1A3956D46DE8}") = "tests", "tests", "{C9960017-7A74-43ED-8A00-02BA32E3EC41}"
EndProject
Project("{9A19103F-16F7-4668-BE54-9A1E7A4F7556}") = "Test", "tests\Repository.Test.Integration\Test.csproj", "{8474E849-9C23-4E9B-9AD2-84CEE557EF51}"
EndProject
Project("{9A19103F-16F7-4668-BE54-9A1E7A4F7556}") = "Chinook", "tests\Repository.Test.Integration.Chinook\Chinook.csproj", "{709988EF-D4F1-484F-BFA3-56F55BDABB2E}"
EndProject
Project("{2150E333-8FDC-42A3-9474-1A3956D46DE8}") = "Solution Items", "Solution Items", "{42937CA8-0620-4D59-8E77-C895EE0E058E}"
	ProjectSection(SolutionItems) = preProject
		.editorconfig = .editorconfig
		assemblyInfo.props = assemblyInfo.props
		nupkgs.props = nupkgs.props
	EndProjectSection
EndProject
Project("{2150E333-8FDC-42A3-9474-1A3956D46DE8}") = "02.UnitOfWork", "02.UnitOfWork", "{CAAB9906-475C-498B-8676-1F8555AADCBE}"
EndProject
Project("{9A19103F-16F7-4668-BE54-9A1E7A4F7556}") = "01.CustomSimple", "samples\02.UnitOfWork\01.CustomSimple\01.CustomSimple.csproj", "{A1A014C3-685A-4712-A371-77BC2898789E}"
EndProject
Project("{9A19103F-16F7-4668-BE54-9A1E7A4F7556}") = "02.CustomLogging", "samples\02.UnitOfWork\02.CustomLogging\02.CustomLogging.csproj", "{1F280ED5-32E3-4ECB-9F71-F8B588B514F2}"
EndProject
Project("{2150E333-8FDC-42A3-9474-1A3956D46DE8}") = "03.Filters", "03.Filters", "{CD26E831-A5B4-4096-8CC9-79834384596C}"
	ProjectSection(SolutionItems) = preProject
		samples\03.Filters\TODO.txt = samples\03.Filters\TODO.txt
	EndProjectSection
EndProject
Project("{2150E333-8FDC-42A3-9474-1A3956D46DE8}") = "04.Extend", "04.Extend", "{73347CC7-1E21-47EA-8701-7495690FF486}"
	ProjectSection(SolutionItems) = preProject
		samples\04.Extend\TODO.txt = samples\04.Extend\TODO.txt
	EndProjectSection
EndProject
Project("{2150E333-8FDC-42A3-9474-1A3956D46DE8}") = "Basics", "Basics", "{1B551FC7-E2F8-4834-8993-A87CDB40B6F9}"
EndProject
Project("{FAE04EC0-301F-11D3-BF4B-00C04F79EFBC}") = "Setup", "samples\Basics\Setup\Setup.csproj", "{42DC316D-DCAE-4BA1-A4A8-D0EAC6C385A9}"
EndProject
Project("{FAE04EC0-301F-11D3-BF4B-00C04F79EFBC}") = "02.Repository", "samples\Basics\02.Repository\02.Repository.csproj", "{AFE13A30-2814-41D9-83CB-0ED7000476A7}"
EndProject
Project("{FAE04EC0-301F-11D3-BF4B-00C04F79EFBC}") = "03.RepositoryCrud", "samples\Basics\03.RepositoryCrud\03.RepositoryCrud.csproj", "{E034EC3C-B122-45EF-B1B8-AB69BA3ABCE4}"
EndProject
Project("{FAE04EC0-301F-11D3-BF4B-00C04F79EFBC}") = "04.ReadonlyRepository", "samples\Basics\04.ReadonlyRepository\04.ReadonlyRepository.csproj", "{EFA05C78-5DA5-460A-B13F-92AEBA66B7E1}"
EndProject
Global
	GlobalSection(SolutionConfigurationPlatforms) = preSolution
		Debug|Any CPU = Debug|Any CPU
		Debug|x64 = Debug|x64
		Debug|x86 = Debug|x86
		Release|Any CPU = Release|Any CPU
		Release|x64 = Release|x64
		Release|x86 = Release|x86
	EndGlobalSection
	GlobalSection(ProjectConfigurationPlatforms) = postSolution
		{27C8E4E5-7A77-4240-BE49-BD4A4C295AFB}.Debug|Any CPU.ActiveCfg = Debug|Any CPU
		{27C8E4E5-7A77-4240-BE49-BD4A4C295AFB}.Debug|Any CPU.Build.0 = Debug|Any CPU
		{27C8E4E5-7A77-4240-BE49-BD4A4C295AFB}.Debug|x64.ActiveCfg = Debug|Any CPU
		{27C8E4E5-7A77-4240-BE49-BD4A4C295AFB}.Debug|x64.Build.0 = Debug|Any CPU
		{27C8E4E5-7A77-4240-BE49-BD4A4C295AFB}.Debug|x86.ActiveCfg = Debug|Any CPU
		{27C8E4E5-7A77-4240-BE49-BD4A4C295AFB}.Debug|x86.Build.0 = Debug|Any CPU
		{27C8E4E5-7A77-4240-BE49-BD4A4C295AFB}.Release|Any CPU.ActiveCfg = Release|Any CPU
		{27C8E4E5-7A77-4240-BE49-BD4A4C295AFB}.Release|Any CPU.Build.0 = Release|Any CPU
		{27C8E4E5-7A77-4240-BE49-BD4A4C295AFB}.Release|x64.ActiveCfg = Release|Any CPU
		{27C8E4E5-7A77-4240-BE49-BD4A4C295AFB}.Release|x64.Build.0 = Release|Any CPU
		{27C8E4E5-7A77-4240-BE49-BD4A4C295AFB}.Release|x86.ActiveCfg = Release|Any CPU
		{27C8E4E5-7A77-4240-BE49-BD4A4C295AFB}.Release|x86.Build.0 = Release|Any CPU
		{618B379B-3E98-4F5A-B317-D3CF53238E11}.Debug|Any CPU.ActiveCfg = Debug|Any CPU
		{618B379B-3E98-4F5A-B317-D3CF53238E11}.Debug|Any CPU.Build.0 = Debug|Any CPU
		{618B379B-3E98-4F5A-B317-D3CF53238E11}.Debug|x64.ActiveCfg = Debug|Any CPU
		{618B379B-3E98-4F5A-B317-D3CF53238E11}.Debug|x64.Build.0 = Debug|Any CPU
		{618B379B-3E98-4F5A-B317-D3CF53238E11}.Debug|x86.ActiveCfg = Debug|Any CPU
		{618B379B-3E98-4F5A-B317-D3CF53238E11}.Debug|x86.Build.0 = Debug|Any CPU
		{618B379B-3E98-4F5A-B317-D3CF53238E11}.Release|Any CPU.ActiveCfg = Release|Any CPU
		{618B379B-3E98-4F5A-B317-D3CF53238E11}.Release|Any CPU.Build.0 = Release|Any CPU
		{618B379B-3E98-4F5A-B317-D3CF53238E11}.Release|x64.ActiveCfg = Release|Any CPU
		{618B379B-3E98-4F5A-B317-D3CF53238E11}.Release|x64.Build.0 = Release|Any CPU
		{618B379B-3E98-4F5A-B317-D3CF53238E11}.Release|x86.ActiveCfg = Release|Any CPU
		{618B379B-3E98-4F5A-B317-D3CF53238E11}.Release|x86.Build.0 = Release|Any CPU
		{8474E849-9C23-4E9B-9AD2-84CEE557EF51}.Debug|Any CPU.ActiveCfg = Debug|Any CPU
		{8474E849-9C23-4E9B-9AD2-84CEE557EF51}.Debug|Any CPU.Build.0 = Debug|Any CPU
		{8474E849-9C23-4E9B-9AD2-84CEE557EF51}.Debug|x64.ActiveCfg = Debug|Any CPU
		{8474E849-9C23-4E9B-9AD2-84CEE557EF51}.Debug|x64.Build.0 = Debug|Any CPU
		{8474E849-9C23-4E9B-9AD2-84CEE557EF51}.Debug|x86.ActiveCfg = Debug|Any CPU
		{8474E849-9C23-4E9B-9AD2-84CEE557EF51}.Debug|x86.Build.0 = Debug|Any CPU
		{8474E849-9C23-4E9B-9AD2-84CEE557EF51}.Release|Any CPU.ActiveCfg = Release|Any CPU
		{8474E849-9C23-4E9B-9AD2-84CEE557EF51}.Release|Any CPU.Build.0 = Release|Any CPU
		{8474E849-9C23-4E9B-9AD2-84CEE557EF51}.Release|x64.ActiveCfg = Release|Any CPU
		{8474E849-9C23-4E9B-9AD2-84CEE557EF51}.Release|x64.Build.0 = Release|Any CPU
		{8474E849-9C23-4E9B-9AD2-84CEE557EF51}.Release|x86.ActiveCfg = Release|Any CPU
		{8474E849-9C23-4E9B-9AD2-84CEE557EF51}.Release|x86.Build.0 = Release|Any CPU
		{709988EF-D4F1-484F-BFA3-56F55BDABB2E}.Debug|Any CPU.ActiveCfg = Debug|Any CPU
		{709988EF-D4F1-484F-BFA3-56F55BDABB2E}.Debug|Any CPU.Build.0 = Debug|Any CPU
		{709988EF-D4F1-484F-BFA3-56F55BDABB2E}.Debug|x64.ActiveCfg = Debug|Any CPU
		{709988EF-D4F1-484F-BFA3-56F55BDABB2E}.Debug|x64.Build.0 = Debug|Any CPU
		{709988EF-D4F1-484F-BFA3-56F55BDABB2E}.Debug|x86.ActiveCfg = Debug|Any CPU
		{709988EF-D4F1-484F-BFA3-56F55BDABB2E}.Debug|x86.Build.0 = Debug|Any CPU
		{709988EF-D4F1-484F-BFA3-56F55BDABB2E}.Release|Any CPU.ActiveCfg = Release|Any CPU
		{709988EF-D4F1-484F-BFA3-56F55BDABB2E}.Release|Any CPU.Build.0 = Release|Any CPU
		{709988EF-D4F1-484F-BFA3-56F55BDABB2E}.Release|x64.ActiveCfg = Release|Any CPU
		{709988EF-D4F1-484F-BFA3-56F55BDABB2E}.Release|x64.Build.0 = Release|Any CPU
		{709988EF-D4F1-484F-BFA3-56F55BDABB2E}.Release|x86.ActiveCfg = Release|Any CPU
		{709988EF-D4F1-484F-BFA3-56F55BDABB2E}.Release|x86.Build.0 = Release|Any CPU
		{A1A014C3-685A-4712-A371-77BC2898789E}.Debug|Any CPU.ActiveCfg = Debug|Any CPU
		{A1A014C3-685A-4712-A371-77BC2898789E}.Debug|Any CPU.Build.0 = Debug|Any CPU
		{A1A014C3-685A-4712-A371-77BC2898789E}.Debug|x64.ActiveCfg = Debug|Any CPU
		{A1A014C3-685A-4712-A371-77BC2898789E}.Debug|x64.Build.0 = Debug|Any CPU
		{A1A014C3-685A-4712-A371-77BC2898789E}.Debug|x86.ActiveCfg = Debug|Any CPU
		{A1A014C3-685A-4712-A371-77BC2898789E}.Debug|x86.Build.0 = Debug|Any CPU
		{A1A014C3-685A-4712-A371-77BC2898789E}.Release|Any CPU.ActiveCfg = Release|Any CPU
		{A1A014C3-685A-4712-A371-77BC2898789E}.Release|Any CPU.Build.0 = Release|Any CPU
		{A1A014C3-685A-4712-A371-77BC2898789E}.Release|x64.ActiveCfg = Release|Any CPU
		{A1A014C3-685A-4712-A371-77BC2898789E}.Release|x64.Build.0 = Release|Any CPU
		{A1A014C3-685A-4712-A371-77BC2898789E}.Release|x86.ActiveCfg = Release|Any CPU
		{A1A014C3-685A-4712-A371-77BC2898789E}.Release|x86.Build.0 = Release|Any CPU
		{1F280ED5-32E3-4ECB-9F71-F8B588B514F2}.Debug|Any CPU.ActiveCfg = Debug|Any CPU
		{1F280ED5-32E3-4ECB-9F71-F8B588B514F2}.Debug|Any CPU.Build.0 = Debug|Any CPU
		{1F280ED5-32E3-4ECB-9F71-F8B588B514F2}.Debug|x64.ActiveCfg = Debug|Any CPU
		{1F280ED5-32E3-4ECB-9F71-F8B588B514F2}.Debug|x64.Build.0 = Debug|Any CPU
		{1F280ED5-32E3-4ECB-9F71-F8B588B514F2}.Debug|x86.ActiveCfg = Debug|Any CPU
		{1F280ED5-32E3-4ECB-9F71-F8B588B514F2}.Debug|x86.Build.0 = Debug|Any CPU
		{1F280ED5-32E3-4ECB-9F71-F8B588B514F2}.Release|Any CPU.ActiveCfg = Release|Any CPU
		{1F280ED5-32E3-4ECB-9F71-F8B588B514F2}.Release|Any CPU.Build.0 = Release|Any CPU
		{1F280ED5-32E3-4ECB-9F71-F8B588B514F2}.Release|x64.ActiveCfg = Release|Any CPU
		{1F280ED5-32E3-4ECB-9F71-F8B588B514F2}.Release|x64.Build.0 = Release|Any CPU
		{1F280ED5-32E3-4ECB-9F71-F8B588B514F2}.Release|x86.ActiveCfg = Release|Any CPU
		{1F280ED5-32E3-4ECB-9F71-F8B588B514F2}.Release|x86.Build.0 = Release|Any CPU
		{42DC316D-DCAE-4BA1-A4A8-D0EAC6C385A9}.Debug|Any CPU.ActiveCfg = Debug|Any CPU
		{42DC316D-DCAE-4BA1-A4A8-D0EAC6C385A9}.Debug|Any CPU.Build.0 = Debug|Any CPU
		{42DC316D-DCAE-4BA1-A4A8-D0EAC6C385A9}.Debug|x64.ActiveCfg = Debug|Any CPU
		{42DC316D-DCAE-4BA1-A4A8-D0EAC6C385A9}.Debug|x64.Build.0 = Debug|Any CPU
		{42DC316D-DCAE-4BA1-A4A8-D0EAC6C385A9}.Debug|x86.ActiveCfg = Debug|Any CPU
		{42DC316D-DCAE-4BA1-A4A8-D0EAC6C385A9}.Debug|x86.Build.0 = Debug|Any CPU
		{42DC316D-DCAE-4BA1-A4A8-D0EAC6C385A9}.Release|Any CPU.ActiveCfg = Release|Any CPU
		{42DC316D-DCAE-4BA1-A4A8-D0EAC6C385A9}.Release|Any CPU.Build.0 = Release|Any CPU
		{42DC316D-DCAE-4BA1-A4A8-D0EAC6C385A9}.Release|x64.ActiveCfg = Release|Any CPU
		{42DC316D-DCAE-4BA1-A4A8-D0EAC6C385A9}.Release|x64.Build.0 = Release|Any CPU
		{42DC316D-DCAE-4BA1-A4A8-D0EAC6C385A9}.Release|x86.ActiveCfg = Release|Any CPU
		{42DC316D-DCAE-4BA1-A4A8-D0EAC6C385A9}.Release|x86.Build.0 = Release|Any CPU
		{AFE13A30-2814-41D9-83CB-0ED7000476A7}.Debug|Any CPU.ActiveCfg = Debug|Any CPU
		{AFE13A30-2814-41D9-83CB-0ED7000476A7}.Debug|Any CPU.Build.0 = Debug|Any CPU
		{AFE13A30-2814-41D9-83CB-0ED7000476A7}.Debug|x64.ActiveCfg = Debug|Any CPU
		{AFE13A30-2814-41D9-83CB-0ED7000476A7}.Debug|x64.Build.0 = Debug|Any CPU
		{AFE13A30-2814-41D9-83CB-0ED7000476A7}.Debug|x86.ActiveCfg = Debug|Any CPU
		{AFE13A30-2814-41D9-83CB-0ED7000476A7}.Debug|x86.Build.0 = Debug|Any CPU
		{AFE13A30-2814-41D9-83CB-0ED7000476A7}.Release|Any CPU.ActiveCfg = Release|Any CPU
		{AFE13A30-2814-41D9-83CB-0ED7000476A7}.Release|Any CPU.Build.0 = Release|Any CPU
		{AFE13A30-2814-41D9-83CB-0ED7000476A7}.Release|x64.ActiveCfg = Release|Any CPU
		{AFE13A30-2814-41D9-83CB-0ED7000476A7}.Release|x64.Build.0 = Release|Any CPU
		{AFE13A30-2814-41D9-83CB-0ED7000476A7}.Release|x86.ActiveCfg = Release|Any CPU
		{AFE13A30-2814-41D9-83CB-0ED7000476A7}.Release|x86.Build.0 = Release|Any CPU
		{E034EC3C-B122-45EF-B1B8-AB69BA3ABCE4}.Debug|Any CPU.ActiveCfg = Debug|Any CPU
		{E034EC3C-B122-45EF-B1B8-AB69BA3ABCE4}.Debug|Any CPU.Build.0 = Debug|Any CPU
		{E034EC3C-B122-45EF-B1B8-AB69BA3ABCE4}.Debug|x64.ActiveCfg = Debug|Any CPU
		{E034EC3C-B122-45EF-B1B8-AB69BA3ABCE4}.Debug|x64.Build.0 = Debug|Any CPU
		{E034EC3C-B122-45EF-B1B8-AB69BA3ABCE4}.Debug|x86.ActiveCfg = Debug|Any CPU
		{E034EC3C-B122-45EF-B1B8-AB69BA3ABCE4}.Debug|x86.Build.0 = Debug|Any CPU
		{E034EC3C-B122-45EF-B1B8-AB69BA3ABCE4}.Release|Any CPU.ActiveCfg = Release|Any CPU
		{E034EC3C-B122-45EF-B1B8-AB69BA3ABCE4}.Release|Any CPU.Build.0 = Release|Any CPU
		{E034EC3C-B122-45EF-B1B8-AB69BA3ABCE4}.Release|x64.ActiveCfg = Release|Any CPU
		{E034EC3C-B122-45EF-B1B8-AB69BA3ABCE4}.Release|x64.Build.0 = Release|Any CPU
		{E034EC3C-B122-45EF-B1B8-AB69BA3ABCE4}.Release|x86.ActiveCfg = Release|Any CPU
		{E034EC3C-B122-45EF-B1B8-AB69BA3ABCE4}.Release|x86.Build.0 = Release|Any CPU
		{EFA05C78-5DA5-460A-B13F-92AEBA66B7E1}.Debug|Any CPU.ActiveCfg = Debug|Any CPU
		{EFA05C78-5DA5-460A-B13F-92AEBA66B7E1}.Debug|Any CPU.Build.0 = Debug|Any CPU
		{EFA05C78-5DA5-460A-B13F-92AEBA66B7E1}.Debug|x64.ActiveCfg = Debug|Any CPU
		{EFA05C78-5DA5-460A-B13F-92AEBA66B7E1}.Debug|x64.Build.0 = Debug|Any CPU
		{EFA05C78-5DA5-460A-B13F-92AEBA66B7E1}.Debug|x86.ActiveCfg = Debug|Any CPU
		{EFA05C78-5DA5-460A-B13F-92AEBA66B7E1}.Debug|x86.Build.0 = Debug|Any CPU
		{EFA05C78-5DA5-460A-B13F-92AEBA66B7E1}.Release|Any CPU.ActiveCfg = Release|Any CPU
		{EFA05C78-5DA5-460A-B13F-92AEBA66B7E1}.Release|Any CPU.Build.0 = Release|Any CPU
		{EFA05C78-5DA5-460A-B13F-92AEBA66B7E1}.Release|x64.ActiveCfg = Release|Any CPU
		{EFA05C78-5DA5-460A-B13F-92AEBA66B7E1}.Release|x64.Build.0 = Release|Any CPU
		{EFA05C78-5DA5-460A-B13F-92AEBA66B7E1}.Release|x86.ActiveCfg = Release|Any CPU
		{EFA05C78-5DA5-460A-B13F-92AEBA66B7E1}.Release|x86.Build.0 = Release|Any CPU
	EndGlobalSection
	GlobalSection(SolutionProperties) = preSolution
		HideSolutionNode = FALSE
	EndGlobalSection
	GlobalSection(NestedProjects) = preSolution
		{27C8E4E5-7A77-4240-BE49-BD4A4C295AFB} = {C2647F36-C482-486E-856B-129312A899CF}
		{618B379B-3E98-4F5A-B317-D3CF53238E11} = {C2647F36-C482-486E-856B-129312A899CF}
		{8474E849-9C23-4E9B-9AD2-84CEE557EF51} = {C9960017-7A74-43ED-8A00-02BA32E3EC41}
		{709988EF-D4F1-484F-BFA3-56F55BDABB2E} = {C9960017-7A74-43ED-8A00-02BA32E3EC41}
		{CAAB9906-475C-498B-8676-1F8555AADCBE} = {A0BF7787-A244-42DF-8576-442682E469AF}
		{A1A014C3-685A-4712-A371-77BC2898789E} = {CAAB9906-475C-498B-8676-1F8555AADCBE}
		{1F280ED5-32E3-4ECB-9F71-F8B588B514F2} = {CAAB9906-475C-498B-8676-1F8555AADCBE}
		{1B551FC7-E2F8-4834-8993-A87CDB40B6F9} = {A0BF7787-A244-42DF-8576-442682E469AF}
		{42DC316D-DCAE-4BA1-A4A8-D0EAC6C385A9} = {1B551FC7-E2F8-4834-8993-A87CDB40B6F9}
		{AFE13A30-2814-41D9-83CB-0ED7000476A7} = {1B551FC7-E2F8-4834-8993-A87CDB40B6F9}
		{E034EC3C-B122-45EF-B1B8-AB69BA3ABCE4} = {1B551FC7-E2F8-4834-8993-A87CDB40B6F9}
		{EFA05C78-5DA5-460A-B13F-92AEBA66B7E1} = {1B551FC7-E2F8-4834-8993-A87CDB40B6F9}
	EndGlobalSection
	GlobalSection(ExtensibilityGlobals) = postSolution
		SolutionGuid = {C4117BCE-443A-4A8D-8E9F-114CFEF15B6B}
	EndGlobalSection
EndGlobal
