
Microsoft Visual Studio Solution File, Format Version 12.00
# Visual Studio 15
VisualStudioVersion = 15.0.26124.0
MinimumVisualStudioVersion = 15.0.26124.0
Project("{2150E333-8FDC-42A3-9474-1A3956D46DE8}") = "src", "src", "{0D6C2F70-E6BB-4B0B-A133-946DC6C6A79F}"
EndProject
Project("{FAE04EC0-301F-11D3-BF4B-00C04F79EFBC}") = "Model", "src\Model\Model.csproj", "{BA1E1B9A-D687-4F12-BB2E-46D0D8186045}"
EndProject
Project("{FAE04EC0-301F-11D3-BF4B-00C04F79EFBC}") = "Repository", "src\Repository\Repository.csproj", "{37C816C0-7BE2-4EDE-B59E-7B8AF10D2C6B}"
EndProject
Project("{FAE04EC0-301F-11D3-BF4B-00C04F79EFBC}") = "console1", "src\console1\console1.csproj", "{803AF279-8E49-4E42-8EE5-CEE895CB3F22}"
EndProject
Project("{FAE04EC0-301F-11D3-BF4B-00C04F79EFBC}") = "Web", "src\Web\Web.csproj", "{DF44C9BD-CC48-4C7D-B965-73D65531712A}"
EndProject
Project("{FAE04EC0-301F-11D3-BF4B-00C04F79EFBC}") = "Service", "src\Service\Service.csproj", "{861C3C54-52E4-464A-BFFC-8D2FFD4E1E60}"
EndProject
Project("{FAE04EC0-301F-11D3-BF4B-00C04F79EFBC}") = "Mapping", "src\Mapping\Mapping.csproj", "{F21352F7-6CCD-429C-8E5D-C50F568F5707}"
EndProject
Project("{FAE04EC0-301F-11D3-BF4B-00C04F79EFBC}") = "ViewModel", "src\ViewModel\ViewModel.csproj", "{310D61E8-A5F6-489B-A07D-A866D4922DC7}"
EndProject
Project("{FAE04EC0-301F-11D3-BF4B-00C04F79EFBC}") = "Dto", "src\Dto\Dto.csproj", "{B6BAE59B-6C38-4A43-A82D-E69084F0B61C}"
EndProject
Global
	GlobalSection(SolutionConfigurationPlatforms) = preSolution
		Debug|Any CPU = Debug|Any CPU
		Debug|x64 = Debug|x64
		Debug|x86 = Debug|x86
		Release|Any CPU = Release|Any CPU
		Release|x64 = Release|x64
		Release|x86 = Release|x86
	EndGlobalSection
	GlobalSection(SolutionProperties) = preSolution
		HideSolutionNode = FALSE
	EndGlobalSection
	GlobalSection(ProjectConfigurationPlatforms) = postSolution
		{BA1E1B9A-D687-4F12-BB2E-46D0D8186045}.Debug|Any CPU.ActiveCfg = Debug|Any CPU
		{BA1E1B9A-D687-4F12-BB2E-46D0D8186045}.Debug|Any CPU.Build.0 = Debug|Any CPU
		{BA1E1B9A-D687-4F12-BB2E-46D0D8186045}.Debug|x64.ActiveCfg = Debug|Any CPU
		{BA1E1B9A-D687-4F12-BB2E-46D0D8186045}.Debug|x64.Build.0 = Debug|Any CPU
		{BA1E1B9A-D687-4F12-BB2E-46D0D8186045}.Debug|x86.ActiveCfg = Debug|Any CPU
		{BA1E1B9A-D687-4F12-BB2E-46D0D8186045}.Debug|x86.Build.0 = Debug|Any CPU
		{BA1E1B9A-D687-4F12-BB2E-46D0D8186045}.Release|Any CPU.ActiveCfg = Release|Any CPU
		{BA1E1B9A-D687-4F12-BB2E-46D0D8186045}.Release|Any CPU.Build.0 = Release|Any CPU
		{BA1E1B9A-D687-4F12-BB2E-46D0D8186045}.Release|x64.ActiveCfg = Release|Any CPU
		{BA1E1B9A-D687-4F12-BB2E-46D0D8186045}.Release|x64.Build.0 = Release|Any CPU
		{BA1E1B9A-D687-4F12-BB2E-46D0D8186045}.Release|x86.ActiveCfg = Release|Any CPU
		{BA1E1B9A-D687-4F12-BB2E-46D0D8186045}.Release|x86.Build.0 = Release|Any CPU
		{37C816C0-7BE2-4EDE-B59E-7B8AF10D2C6B}.Debug|Any CPU.ActiveCfg = Debug|Any CPU
		{37C816C0-7BE2-4EDE-B59E-7B8AF10D2C6B}.Debug|Any CPU.Build.0 = Debug|Any CPU
		{37C816C0-7BE2-4EDE-B59E-7B8AF10D2C6B}.Debug|x64.ActiveCfg = Debug|Any CPU
		{37C816C0-7BE2-4EDE-B59E-7B8AF10D2C6B}.Debug|x64.Build.0 = Debug|Any CPU
		{37C816C0-7BE2-4EDE-B59E-7B8AF10D2C6B}.Debug|x86.ActiveCfg = Debug|Any CPU
		{37C816C0-7BE2-4EDE-B59E-7B8AF10D2C6B}.Debug|x86.Build.0 = Debug|Any CPU
		{37C816C0-7BE2-4EDE-B59E-7B8AF10D2C6B}.Release|Any CPU.ActiveCfg = Release|Any CPU
		{37C816C0-7BE2-4EDE-B59E-7B8AF10D2C6B}.Release|Any CPU.Build.0 = Release|Any CPU
		{37C816C0-7BE2-4EDE-B59E-7B8AF10D2C6B}.Release|x64.ActiveCfg = Release|Any CPU
		{37C816C0-7BE2-4EDE-B59E-7B8AF10D2C6B}.Release|x64.Build.0 = Release|Any CPU
		{37C816C0-7BE2-4EDE-B59E-7B8AF10D2C6B}.Release|x86.ActiveCfg = Release|Any CPU
		{37C816C0-7BE2-4EDE-B59E-7B8AF10D2C6B}.Release|x86.Build.0 = Release|Any CPU
		{803AF279-8E49-4E42-8EE5-CEE895CB3F22}.Debug|Any CPU.ActiveCfg = Debug|Any CPU
		{803AF279-8E49-4E42-8EE5-CEE895CB3F22}.Debug|Any CPU.Build.0 = Debug|Any CPU
		{803AF279-8E49-4E42-8EE5-CEE895CB3F22}.Debug|x64.ActiveCfg = Debug|Any CPU
		{803AF279-8E49-4E42-8EE5-CEE895CB3F22}.Debug|x64.Build.0 = Debug|Any CPU
		{803AF279-8E49-4E42-8EE5-CEE895CB3F22}.Debug|x86.ActiveCfg = Debug|Any CPU
		{803AF279-8E49-4E42-8EE5-CEE895CB3F22}.Debug|x86.Build.0 = Debug|Any CPU
		{803AF279-8E49-4E42-8EE5-CEE895CB3F22}.Release|Any CPU.ActiveCfg = Release|Any CPU
		{803AF279-8E49-4E42-8EE5-CEE895CB3F22}.Release|Any CPU.Build.0 = Release|Any CPU
		{803AF279-8E49-4E42-8EE5-CEE895CB3F22}.Release|x64.ActiveCfg = Release|Any CPU
		{803AF279-8E49-4E42-8EE5-CEE895CB3F22}.Release|x64.Build.0 = Release|Any CPU
		{803AF279-8E49-4E42-8EE5-CEE895CB3F22}.Release|x86.ActiveCfg = Release|Any CPU
		{803AF279-8E49-4E42-8EE5-CEE895CB3F22}.Release|x86.Build.0 = Release|Any CPU
		{DF44C9BD-CC48-4C7D-B965-73D65531712A}.Debug|Any CPU.ActiveCfg = Debug|Any CPU
		{DF44C9BD-CC48-4C7D-B965-73D65531712A}.Debug|Any CPU.Build.0 = Debug|Any CPU
		{DF44C9BD-CC48-4C7D-B965-73D65531712A}.Debug|x64.ActiveCfg = Debug|Any CPU
		{DF44C9BD-CC48-4C7D-B965-73D65531712A}.Debug|x64.Build.0 = Debug|Any CPU
		{DF44C9BD-CC48-4C7D-B965-73D65531712A}.Debug|x86.ActiveCfg = Debug|Any CPU
		{DF44C9BD-CC48-4C7D-B965-73D65531712A}.Debug|x86.Build.0 = Debug|Any CPU
		{DF44C9BD-CC48-4C7D-B965-73D65531712A}.Release|Any CPU.ActiveCfg = Release|Any CPU
		{DF44C9BD-CC48-4C7D-B965-73D65531712A}.Release|Any CPU.Build.0 = Release|Any CPU
		{DF44C9BD-CC48-4C7D-B965-73D65531712A}.Release|x64.ActiveCfg = Release|Any CPU
		{DF44C9BD-CC48-4C7D-B965-73D65531712A}.Release|x64.Build.0 = Release|Any CPU
		{DF44C9BD-CC48-4C7D-B965-73D65531712A}.Release|x86.ActiveCfg = Release|Any CPU
		{DF44C9BD-CC48-4C7D-B965-73D65531712A}.Release|x86.Build.0 = Release|Any CPU
		{861C3C54-52E4-464A-BFFC-8D2FFD4E1E60}.Debug|Any CPU.ActiveCfg = Debug|Any CPU
		{861C3C54-52E4-464A-BFFC-8D2FFD4E1E60}.Debug|Any CPU.Build.0 = Debug|Any CPU
		{861C3C54-52E4-464A-BFFC-8D2FFD4E1E60}.Debug|x64.ActiveCfg = Debug|Any CPU
		{861C3C54-52E4-464A-BFFC-8D2FFD4E1E60}.Debug|x64.Build.0 = Debug|Any CPU
		{861C3C54-52E4-464A-BFFC-8D2FFD4E1E60}.Debug|x86.ActiveCfg = Debug|Any CPU
		{861C3C54-52E4-464A-BFFC-8D2FFD4E1E60}.Debug|x86.Build.0 = Debug|Any CPU
		{861C3C54-52E4-464A-BFFC-8D2FFD4E1E60}.Release|Any CPU.ActiveCfg = Release|Any CPU
		{861C3C54-52E4-464A-BFFC-8D2FFD4E1E60}.Release|Any CPU.Build.0 = Release|Any CPU
		{861C3C54-52E4-464A-BFFC-8D2FFD4E1E60}.Release|x64.ActiveCfg = Release|Any CPU
		{861C3C54-52E4-464A-BFFC-8D2FFD4E1E60}.Release|x64.Build.0 = Release|Any CPU
		{861C3C54-52E4-464A-BFFC-8D2FFD4E1E60}.Release|x86.ActiveCfg = Release|Any CPU
		{861C3C54-52E4-464A-BFFC-8D2FFD4E1E60}.Release|x86.Build.0 = Release|Any CPU
		{F21352F7-6CCD-429C-8E5D-C50F568F5707}.Debug|Any CPU.ActiveCfg = Debug|Any CPU
		{F21352F7-6CCD-429C-8E5D-C50F568F5707}.Debug|Any CPU.Build.0 = Debug|Any CPU
		{F21352F7-6CCD-429C-8E5D-C50F568F5707}.Debug|x64.ActiveCfg = Debug|Any CPU
		{F21352F7-6CCD-429C-8E5D-C50F568F5707}.Debug|x64.Build.0 = Debug|Any CPU
		{F21352F7-6CCD-429C-8E5D-C50F568F5707}.Debug|x86.ActiveCfg = Debug|Any CPU
		{F21352F7-6CCD-429C-8E5D-C50F568F5707}.Debug|x86.Build.0 = Debug|Any CPU
		{F21352F7-6CCD-429C-8E5D-C50F568F5707}.Release|Any CPU.ActiveCfg = Release|Any CPU
		{F21352F7-6CCD-429C-8E5D-C50F568F5707}.Release|Any CPU.Build.0 = Release|Any CPU
		{F21352F7-6CCD-429C-8E5D-C50F568F5707}.Release|x64.ActiveCfg = Release|Any CPU
		{F21352F7-6CCD-429C-8E5D-C50F568F5707}.Release|x64.Build.0 = Release|Any CPU
		{F21352F7-6CCD-429C-8E5D-C50F568F5707}.Release|x86.ActiveCfg = Release|Any CPU
		{F21352F7-6CCD-429C-8E5D-C50F568F5707}.Release|x86.Build.0 = Release|Any CPU
		{310D61E8-A5F6-489B-A07D-A866D4922DC7}.Debug|Any CPU.ActiveCfg = Debug|Any CPU
		{310D61E8-A5F6-489B-A07D-A866D4922DC7}.Debug|Any CPU.Build.0 = Debug|Any CPU
		{310D61E8-A5F6-489B-A07D-A866D4922DC7}.Debug|x64.ActiveCfg = Debug|Any CPU
		{310D61E8-A5F6-489B-A07D-A866D4922DC7}.Debug|x64.Build.0 = Debug|Any CPU
		{310D61E8-A5F6-489B-A07D-A866D4922DC7}.Debug|x86.ActiveCfg = Debug|Any CPU
		{310D61E8-A5F6-489B-A07D-A866D4922DC7}.Debug|x86.Build.0 = Debug|Any CPU
		{310D61E8-A5F6-489B-A07D-A866D4922DC7}.Release|Any CPU.ActiveCfg = Release|Any CPU
		{310D61E8-A5F6-489B-A07D-A866D4922DC7}.Release|Any CPU.Build.0 = Release|Any CPU
		{310D61E8-A5F6-489B-A07D-A866D4922DC7}.Release|x64.ActiveCfg = Release|Any CPU
		{310D61E8-A5F6-489B-A07D-A866D4922DC7}.Release|x64.Build.0 = Release|Any CPU
		{310D61E8-A5F6-489B-A07D-A866D4922DC7}.Release|x86.ActiveCfg = Release|Any CPU
		{310D61E8-A5F6-489B-A07D-A866D4922DC7}.Release|x86.Build.0 = Release|Any CPU
		{B6BAE59B-6C38-4A43-A82D-E69084F0B61C}.Debug|Any CPU.ActiveCfg = Debug|Any CPU
		{B6BAE59B-6C38-4A43-A82D-E69084F0B61C}.Debug|Any CPU.Build.0 = Debug|Any CPU
		{B6BAE59B-6C38-4A43-A82D-E69084F0B61C}.Debug|x64.ActiveCfg = Debug|Any CPU
		{B6BAE59B-6C38-4A43-A82D-E69084F0B61C}.Debug|x64.Build.0 = Debug|Any CPU
		{B6BAE59B-6C38-4A43-A82D-E69084F0B61C}.Debug|x86.ActiveCfg = Debug|Any CPU
		{B6BAE59B-6C38-4A43-A82D-E69084F0B61C}.Debug|x86.Build.0 = Debug|Any CPU
		{B6BAE59B-6C38-4A43-A82D-E69084F0B61C}.Release|Any CPU.ActiveCfg = Release|Any CPU
		{B6BAE59B-6C38-4A43-A82D-E69084F0B61C}.Release|Any CPU.Build.0 = Release|Any CPU
		{B6BAE59B-6C38-4A43-A82D-E69084F0B61C}.Release|x64.ActiveCfg = Release|Any CPU
		{B6BAE59B-6C38-4A43-A82D-E69084F0B61C}.Release|x64.Build.0 = Release|Any CPU
		{B6BAE59B-6C38-4A43-A82D-E69084F0B61C}.Release|x86.ActiveCfg = Release|Any CPU
		{B6BAE59B-6C38-4A43-A82D-E69084F0B61C}.Release|x86.Build.0 = Release|Any CPU
	EndGlobalSection
	GlobalSection(NestedProjects) = preSolution
		{BA1E1B9A-D687-4F12-BB2E-46D0D8186045} = {0D6C2F70-E6BB-4B0B-A133-946DC6C6A79F}
		{37C816C0-7BE2-4EDE-B59E-7B8AF10D2C6B} = {0D6C2F70-E6BB-4B0B-A133-946DC6C6A79F}
		{803AF279-8E49-4E42-8EE5-CEE895CB3F22} = {0D6C2F70-E6BB-4B0B-A133-946DC6C6A79F}
		{DF44C9BD-CC48-4C7D-B965-73D65531712A} = {0D6C2F70-E6BB-4B0B-A133-946DC6C6A79F}
		{861C3C54-52E4-464A-BFFC-8D2FFD4E1E60} = {0D6C2F70-E6BB-4B0B-A133-946DC6C6A79F}
		{F21352F7-6CCD-429C-8E5D-C50F568F5707} = {0D6C2F70-E6BB-4B0B-A133-946DC6C6A79F}
		{310D61E8-A5F6-489B-A07D-A866D4922DC7} = {0D6C2F70-E6BB-4B0B-A133-946DC6C6A79F}
		{B6BAE59B-6C38-4A43-A82D-E69084F0B61C} = {0D6C2F70-E6BB-4B0B-A133-946DC6C6A79F}
	EndGlobalSection
EndGlobal
